
Microsoft Visual Studio Solution File, Format Version 12.00
# Visual Studio Version 17
VisualStudioVersion = 17.8.34330.188
MinimumVisualStudioVersion = 10.0.40219.1
Project("{9A19103F-16F7-4668-BE54-9A1E7A4F7556}") = "dvmconsole", "dvmconsole\dvmconsole.csproj", "{710D1FA8-2E0D-42CB-9174-FCD9EB7A718F}"
EndProject
Project("{2150E333-8FDC-42A3-9474-1A3956D46DE8}") = "Solution Items", "Solution Items", "{B5A7CF60-CCDE-4B2B-85C1-86AE3A19FB31}"
	ProjectSection(SolutionItems) = preProject
		.editorconfig = .editorconfig
	EndProjectSection
EndProject
Project("{9A19103F-16F7-4668-BE54-9A1E7A4F7556}") = "fnecore", "fnecore\fnecore.csproj", "{1F06ECB1-9928-1430-63F4-2E01522A0510}"
EndProject
Project("{9A19103F-16F7-4668-BE54-9A1E7A4F7556}") = "DvmConsole.Platform", "DvmConsole.Platform\DvmConsole.Platform.csproj", "{B7C64893-9F07-4874-9E31-B71B99627811}"
EndProject
Project("{9A19103F-16F7-4668-BE54-9A1E7A4F7556}") = "DvmConsole.Avalonia", "DvmConsole.Avalonia\DvmConsole.Avalonia.csproj", "{F3D4F475-CA5A-46BD-9A58-221842F10E30}"
EndProject
Project("{9A19103F-16F7-4668-BE54-9A1E7A4F7556}") = "DvmConsole.Core", "DvmConsole.Core\DvmConsole.Core.csproj", "{22545B4F-07ED-4721-9D70-FDFB4127744F}"
EndProject
Project("{2150E333-8FDC-42A3-9474-1A3956D46DE8}") = "tests", "tests", "{1E24623E-6010-48C3-9D81-B8CD39211ADF}"
EndProject
Project("{9A19103F-16F7-4668-BE54-9A1E7A4F7556}") = "DvmConsole.Vocoder.Tests", "tests\DvmConsole.Vocoder.Tests\DvmConsole.Vocoder.Tests.csproj", "{4C86A695-DDBA-4525-9D01-FF9F042B344C}"
EndProject
Project("{9A19103F-16F7-4668-BE54-9A1E7A4F7556}") = "DvmConsole.Core.Tests", "tests\DvmConsole.Core.Tests\DvmConsole.Core.Tests.csproj", "{4E50D7AC-A2C6-412C-BE3B-7A59AF7E77E5}"
EndProject
Project("{9A19103F-16F7-4668-BE54-9A1E7A4F7556}") = "FneCore.Tests", "tests\FneCore.Tests\FneCore.Tests.csproj", "{EF5C5FD8-4509-4F4D-B4E0-7620F49C368A}"
EndProject
Project("{9A19103F-16F7-4668-BE54-9A1E7A4F7556}") = "DvmConsole.Platform.Tests", "tests\DvmConsole.Platform.Tests\DvmConsole.Platform.Tests.csproj", "{BBF39596-CBEA-4D50-AC47-F0E120FD40D0}"
EndProject
Global
	GlobalSection(SolutionConfigurationPlatforms) = preSolution
		Debug|x64 = Debug|x64
		Debug|x86 = Debug|x86
		Release|x64 = Release|x64
		Release|x86 = Release|x86
	EndGlobalSection
	GlobalSection(ProjectConfigurationPlatforms) = postSolution
		{710D1FA8-2E0D-42CB-9174-FCD9EB7A718F}.Debug|x64.ActiveCfg = Debug|x64
		{710D1FA8-2E0D-42CB-9174-FCD9EB7A718F}.Debug|x64.Build.0 = Debug|x64
		{710D1FA8-2E0D-42CB-9174-FCD9EB7A718F}.Debug|x86.ActiveCfg = Debug|x86
		{710D1FA8-2E0D-42CB-9174-FCD9EB7A718F}.Debug|x86.Build.0 = Debug|x86
		{710D1FA8-2E0D-42CB-9174-FCD9EB7A718F}.Release|x64.ActiveCfg = Release|x64
		{710D1FA8-2E0D-42CB-9174-FCD9EB7A718F}.Release|x64.Build.0 = Release|x64
		{710D1FA8-2E0D-42CB-9174-FCD9EB7A718F}.Release|x86.ActiveCfg = Release|x86
		{710D1FA8-2E0D-42CB-9174-FCD9EB7A718F}.Release|x86.Build.0 = Release|x86
		{1F06ECB1-9928-1430-63F4-2E01522A0510}.Debug|x64.ActiveCfg = Debug|Any CPU
		{1F06ECB1-9928-1430-63F4-2E01522A0510}.Debug|x64.Build.0 = Debug|Any CPU
		{1F06ECB1-9928-1430-63F4-2E01522A0510}.Debug|x86.ActiveCfg = Debug|Any CPU
		{1F06ECB1-9928-1430-63F4-2E01522A0510}.Debug|x86.Build.0 = Debug|Any CPU
		{1F06ECB1-9928-1430-63F4-2E01522A0510}.Release|x64.ActiveCfg = Release|Any CPU
		{1F06ECB1-9928-1430-63F4-2E01522A0510}.Release|x64.Build.0 = Release|Any CPU
		{1F06ECB1-9928-1430-63F4-2E01522A0510}.Release|x86.ActiveCfg = Release|Any CPU
		{1F06ECB1-9928-1430-63F4-2E01522A0510}.Release|x86.Build.0 = Release|Any CPU
		{B7C64893-9F07-4874-9E31-B71B99627811}.Debug|x64.ActiveCfg = Debug|Any CPU
		{B7C64893-9F07-4874-9E31-B71B99627811}.Debug|x64.Build.0 = Debug|Any CPU
		{B7C64893-9F07-4874-9E31-B71B99627811}.Debug|x86.ActiveCfg = Debug|Any CPU
		{B7C64893-9F07-4874-9E31-B71B99627811}.Debug|x86.Build.0 = Debug|Any CPU
		{B7C64893-9F07-4874-9E31-B71B99627811}.Release|x64.ActiveCfg = Release|Any CPU
		{B7C64893-9F07-4874-9E31-B71B99627811}.Release|x64.Build.0 = Release|Any CPU
		{B7C64893-9F07-4874-9E31-B71B99627811}.Release|x86.ActiveCfg = Release|Any CPU
		{B7C64893-9F07-4874-9E31-B71B99627811}.Release|x86.Build.0 = Release|Any CPU
		{F3D4F475-CA5A-46BD-9A58-221842F10E30}.Debug|x64.ActiveCfg = Debug|Any CPU
		{F3D4F475-CA5A-46BD-9A58-221842F10E30}.Debug|x64.Build.0 = Debug|Any CPU
		{F3D4F475-CA5A-46BD-9A58-221842F10E30}.Debug|x86.ActiveCfg = Debug|Any CPU
		{F3D4F475-CA5A-46BD-9A58-221842F10E30}.Debug|x86.Build.0 = Debug|Any CPU
		{F3D4F475-CA5A-46BD-9A58-221842F10E30}.Release|x64.ActiveCfg = Release|Any CPU
		{F3D4F475-CA5A-46BD-9A58-221842F10E30}.Release|x64.Build.0 = Release|Any CPU
		{F3D4F475-CA5A-46BD-9A58-221842F10E30}.Release|x86.ActiveCfg = Release|Any CPU
		{F3D4F475-CA5A-46BD-9A58-221842F10E30}.Release|x86.Build.0 = Release|Any CPU
		{22545B4F-07ED-4721-9D70-FDFB4127744F}.Debug|x64.ActiveCfg = Debug|Any CPU
		{22545B4F-07ED-4721-9D70-FDFB4127744F}.Debug|x64.Build.0 = Debug|Any CPU
		{22545B4F-07ED-4721-9D70-FDFB4127744F}.Debug|x86.ActiveCfg = Debug|Any CPU
		{22545B4F-07ED-4721-9D70-FDFB4127744F}.Debug|x86.Build.0 = Debug|Any CPU
		{22545B4F-07ED-4721-9D70-FDFB4127744F}.Release|x64.ActiveCfg = Release|Any CPU
		{22545B4F-07ED-4721-9D70-FDFB4127744F}.Release|x64.Build.0 = Release|Any CPU
		{22545B4F-07ED-4721-9D70-FDFB4127744F}.Release|x86.ActiveCfg = Release|Any CPU
		{22545B4F-07ED-4721-9D70-FDFB4127744F}.Release|x86.Build.0 = Release|Any CPU
		{4C86A695-DDBA-4525-9D01-FF9F042B344C}.Debug|x64.ActiveCfg = Debug|Any CPU
		{4C86A695-DDBA-4525-9D01-FF9F042B344C}.Debug|x64.Build.0 = Debug|Any CPU
		{4C86A695-DDBA-4525-9D01-FF9F042B344C}.Debug|x86.ActiveCfg = Debug|Any CPU
		{4C86A695-DDBA-4525-9D01-FF9F042B344C}.Debug|x86.Build.0 = Debug|Any CPU
		{4C86A695-DDBA-4525-9D01-FF9F042B344C}.Release|x64.ActiveCfg = Release|Any CPU
		{4C86A695-DDBA-4525-9D01-FF9F042B344C}.Release|x64.Build.0 = Release|Any CPU
		{4C86A695-DDBA-4525-9D01-FF9F042B344C}.Release|x86.ActiveCfg = Release|Any CPU
		{4C86A695-DDBA-4525-9D01-FF9F042B344C}.Release|x86.Build.0 = Release|Any CPU
		{4E50D7AC-A2C6-412C-BE3B-7A59AF7E77E5}.Debug|x64.ActiveCfg = Debug|Any CPU
		{4E50D7AC-A2C6-412C-BE3B-7A59AF7E77E5}.Debug|x64.Build.0 = Debug|Any CPU
		{4E50D7AC-A2C6-412C-BE3B-7A59AF7E77E5}.Debug|x86.ActiveCfg = Debug|Any CPU
		{4E50D7AC-A2C6-412C-BE3B-7A59AF7E77E5}.Debug|x86.Build.0 = Debug|Any CPU
		{4E50D7AC-A2C6-412C-BE3B-7A59AF7E77E5}.Release|x64.ActiveCfg = Release|Any CPU
		{4E50D7AC-A2C6-412C-BE3B-7A59AF7E77E5}.Release|x64.Build.0 = Release|Any CPU
		{4E50D7AC-A2C6-412C-BE3B-7A59AF7E77E5}.Release|x86.ActiveCfg = Release|Any CPU
		{4E50D7AC-A2C6-412C-BE3B-7A59AF7E77E5}.Release|x86.Build.0 = Release|Any CPU
		{EF5C5FD8-4509-4F4D-B4E0-7620F49C368A}.Debug|x64.ActiveCfg = Debug|Any CPU
		{EF5C5FD8-4509-4F4D-B4E0-7620F49C368A}.Debug|x64.Build.0 = Debug|Any CPU
		{EF5C5FD8-4509-4F4D-B4E0-7620F49C368A}.Debug|x86.ActiveCfg = Debug|Any CPU
		{EF5C5FD8-4509-4F4D-B4E0-7620F49C368A}.Debug|x86.Build.0 = Debug|Any CPU
		{EF5C5FD8-4509-4F4D-B4E0-7620F49C368A}.Release|x64.ActiveCfg = Release|Any CPU
		{EF5C5FD8-4509-4F4D-B4E0-7620F49C368A}.Release|x64.Build.0 = Release|Any CPU
		{EF5C5FD8-4509-4F4D-B4E0-7620F49C368A}.Release|x86.ActiveCfg = Release|Any CPU
		{EF5C5FD8-4509-4F4D-B4E0-7620F49C368A}.Release|x86.Build.0 = Release|Any CPU
		{BBF39596-CBEA-4D50-AC47-F0E120FD40D0}.Debug|x64.ActiveCfg = Debug|Any CPU
		{BBF39596-CBEA-4D50-AC47-F0E120FD40D0}.Debug|x64.Build.0 = Debug|Any CPU
		{BBF39596-CBEA-4D50-AC47-F0E120FD40D0}.Debug|x86.ActiveCfg = Debug|Any CPU
		{BBF39596-CBEA-4D50-AC47-F0E120FD40D0}.Debug|x86.Build.0 = Debug|Any CPU
		{BBF39596-CBEA-4D50-AC47-F0E120FD40D0}.Release|x64.ActiveCfg = Release|Any CPU
		{BBF39596-CBEA-4D50-AC47-F0E120FD40D0}.Release|x64.Build.0 = Release|Any CPU
		{BBF39596-CBEA-4D50-AC47-F0E120FD40D0}.Release|x86.ActiveCfg = Release|Any CPU
		{BBF39596-CBEA-4D50-AC47-F0E120FD40D0}.Release|x86.Build.0 = Release|Any CPU
	EndGlobalSection
	GlobalSection(SolutionProperties) = preSolution
		HideSolutionNode = FALSE
	EndGlobalSection
	GlobalSection(ExtensibilityGlobals) = postSolution
		SolutionGuid = {2891343C-A29A-4952-B9E1-2468A3DA70DC}
	EndGlobalSection
	GlobalSection(NestedProjects) = preSolution
		{4C86A695-DDBA-4525-9D01-FF9F042B344C} = {1E24623E-6010-48C3-9D81-B8CD39211ADF}
		{4E50D7AC-A2C6-412C-BE3B-7A59AF7E77E5} = {1E24623E-6010-48C3-9D81-B8CD39211ADF}
		{EF5C5FD8-4509-4F4D-B4E0-7620F49C368A} = {1E24623E-6010-48C3-9D81-B8CD39211ADF}
		{BBF39596-CBEA-4D50-AC47-F0E120FD40D0} = {1E24623E-6010-48C3-9D81-B8CD39211ADF}
	EndGlobalSection
EndGlobal
