Microsoft Visual Studio Solution File, Format Version 12.00
# Visual Studio Version 17
VisualStudioVersion = 17.0.31903.59
MinimumVisualStudioVersion = 10.0.40219.1
Project("{FAE04EC0-301F-11D3-BF4B-00C04F79EFBC}") = "DvmConsole.Core", "src\DvmConsole.Core\DvmConsole.Core.csproj", "{B076E150-7F79-4917-B965-A025449CDF56}"
EndProject
Project("{FAE04EC0-301F-11D3-BF4B-00C04F79EFBC}") = "DvmConsole.Vocoder", "src\DvmConsole.Vocoder\DvmConsole.Vocoder.csproj", "{0F7E2E8F-B9BB-4E30-8254-E54EC3693EE6}"
EndProject
Project("{FAE04EC0-301F-11D3-BF4B-00C04F79EFBC}") = "DvmConsole.Fne", "src\DvmConsole.Fne\DvmConsole.Fne.csproj", "{84023C2C-8C1F-4782-8523-FD5FBACC6A4A}"
EndProject
Project("{FAE04EC0-301F-11D3-BF4B-00C04F79EFBC}") = "DvmConsole.App", "src\DvmConsole.App\DvmConsole.App.csproj", "{A1143381-0381-49AA-A1E0-867D349738C5}"
EndProject
Project("{FAE04EC0-301F-11D3-BF4B-00C04F79EFBC}") = "DvmConsole.Core.Tests", "src\DvmConsole.Core.Tests\DvmConsole.Core.Tests.csproj", "{E9E67F1C-D475-41CF-8308-80E403EFBB69}"
EndProject
Project("{FAE04EC0-301F-11D3-BF4B-00C04F79EFBC}") = "DvmConsole.Fne.Tests", "src\DvmConsole.Fne.Tests\DvmConsole.Fne.Tests.csproj", "{2F23D4B2-0F79-4AC5-8A1D-1F7A8AFBD4A0}"
EndProject
Project("{FAE04EC0-301F-11D3-BF4B-00C04F79EFBC}") = "DvmConsole.Vocoder.Tests", "src\DvmConsole.Vocoder.Tests\DvmConsole.Vocoder.Tests.csproj", "{B0B6F7D5-5DBE-4B3B-9BA4-2A79552B5D3D}"
EndProject
Project("{FAE04EC0-301F-11D3-BF4B-00C04F79EFBC}") = "DvmConsole.Audio", "src\DvmConsole.Audio\DvmConsole.Audio.csproj", "{1CC1FA74-0EA9-450A-9AB4-5DF1D5B0D7FC}"
EndProject
Project("{FAE04EC0-301F-11D3-BF4B-00C04F79EFBC}") = "DvmConsole.Audio.Tests", "src\DvmConsole.Audio.Tests\DvmConsole.Audio.Tests.csproj", "{C0E5A7DF-BF1F-4C07-A522-FA4C2EE4A1D2}"
EndProject
Project("{FAE04EC0-301F-11D3-BF4B-00C04F79EFBC}") = "DvmConsole.Desktop", "src\DvmConsole.Desktop\DvmConsole.Desktop.csproj", "{F6AC260B-27DE-470C-A3D6-7D3DC278B930}"
EndProject
Project("{FAE04EC0-301F-11D3-BF4B-00C04F79EFBC}") = "DvmConsole.FneClient", "src\DvmConsole.FneClient\DvmConsole.FneClient.csproj", "{4DD8C48B-3F91-4FD4-AF11-FED7D3D2E742}"
EndProject
Project("{FAE04EC0-301F-11D3-BF4B-00C04F79EFBC}") = "DvmConsole.FneClient.Tests", "src\DvmConsole.FneClient.Tests\DvmConsole.FneClient.Tests.csproj", "{8BEA5A9C-9E26-4EF4-B5B7-AC3EDB70A2DA}"
EndProject
Project("{FAE04EC0-301F-11D3-BF4B-00C04F79EFBC}") = "DvmConsole.FneProbe", "src\DvmConsole.FneProbe\DvmConsole.FneProbe.csproj", "{B8B1C2C7-07C6-4AB0-B506-659B7F0CE4C3}"
EndProject
Project("{FAE04EC0-301F-11D3-BF4B-00C04F79EFBC}") = "DvmConsole.AudioProbe", "src\DvmConsole.AudioProbe\DvmConsole.AudioProbe.csproj", "{AA5D7AC4-3E60-4F86-B8DD-D28D68CCB7F7}"
EndProject
Project("{FAE04EC0-301F-11D3-BF4B-00C04F79EFBC}") = "DvmConsole.Media", "src\DvmConsole.Media\DvmConsole.Media.csproj", "{9E6C2B37-7A09-4E0F-9F2A-2F4A3B1D8A61}"
EndProject
Project("{FAE04EC0-301F-11D3-BF4B-00C04F79EFBC}") = "DvmConsole.Media.Tests", "src\DvmConsole.Media.Tests\DvmConsole.Media.Tests.csproj", "{A7D31B2C-6E54-48B6-9C2F-4D8E0A71F5C3}"
EndProject
Project("{FAE04EC0-301F-11D3-BF4B-00C04F79EFBC}") = "DvmConsole.MediaProbe", "src\DvmConsole.MediaProbe\DvmConsole.MediaProbe.csproj", "{C4F8A62D-1B37-4E90-8C25-7D6A3F0B9E14}"
EndProject
Project("{FAE04EC0-301F-11D3-BF4B-00C04F79EFBC}") = "DvmConsole.Desktop.Tests", "src\DvmConsole.Desktop.Tests\DvmConsole.Desktop.Tests.csproj", "{DDF17D94-D569-4843-BDA0-249323C5F621}"
EndProject
Project("{FAE04EC0-301F-11D3-BF4B-00C04F79EFBC}") = "DvmConsole.Operations", "src\DvmConsole.Operations\DvmConsole.Operations.csproj", "{75A0E4EF-61C7-4D8C-9C95-1B164974E785}"
EndProject
Project("{FAE04EC0-301F-11D3-BF4B-00C04F79EFBC}") = "DvmConsole.Operations.Tests", "src\DvmConsole.Operations.Tests\DvmConsole.Operations.Tests.csproj", "{D7DF5F9F-0673-43F8-9C69-6E3250AF4A7E}"
EndProject
Global
	GlobalSection(SolutionConfigurationPlatforms) = preSolution
		Debug|Any CPU = Debug|Any CPU
		Release|Any CPU = Release|Any CPU
	EndGlobalSection
	GlobalSection(SolutionProperties) = preSolution
		HideSolutionNode = FALSE
	EndGlobalSection
	GlobalSection(ProjectConfigurationPlatforms) = postSolution
		{B076E150-7F79-4917-B965-A025449CDF56}.Debug|Any CPU.ActiveCfg = Debug|Any CPU
		{B076E150-7F79-4917-B965-A025449CDF56}.Debug|Any CPU.Build.0 = Debug|Any CPU
		{B076E150-7F79-4917-B965-A025449CDF56}.Release|Any CPU.ActiveCfg = Release|Any CPU
		{B076E150-7F79-4917-B965-A025449CDF56}.Release|Any CPU.Build.0 = Release|Any CPU
		{0F7E2E8F-B9BB-4E30-8254-E54EC3693EE6}.Debug|Any CPU.ActiveCfg = Debug|Any CPU
		{0F7E2E8F-B9BB-4E30-8254-E54EC3693EE6}.Debug|Any CPU.Build.0 = Debug|Any CPU
		{0F7E2E8F-B9BB-4E30-8254-E54EC3693EE6}.Release|Any CPU.ActiveCfg = Release|Any CPU
		{0F7E2E8F-B9BB-4E30-8254-E54EC3693EE6}.Release|Any CPU.Build.0 = Release|Any CPU
		{84023C2C-8C1F-4782-8523-FD5FBACC6A4A}.Debug|Any CPU.ActiveCfg = Debug|Any CPU
		{84023C2C-8C1F-4782-8523-FD5FBACC6A4A}.Debug|Any CPU.Build.0 = Debug|Any CPU
		{84023C2C-8C1F-4782-8523-FD5FBACC6A4A}.Release|Any CPU.ActiveCfg = Release|Any CPU
		{84023C2C-8C1F-4782-8523-FD5FBACC6A4A}.Release|Any CPU.Build.0 = Release|Any CPU
		{A1143381-0381-49AA-A1E0-867D349738C5}.Debug|Any CPU.ActiveCfg = Debug|Any CPU
		{A1143381-0381-49AA-A1E0-867D349738C5}.Debug|Any CPU.Build.0 = Debug|Any CPU
		{A1143381-0381-49AA-A1E0-867D349738C5}.Release|Any CPU.ActiveCfg = Release|Any CPU
		{A1143381-0381-49AA-A1E0-867D349738C5}.Release|Any CPU.Build.0 = Release|Any CPU
		{E9E67F1C-D475-41CF-8308-80E403EFBB69}.Debug|Any CPU.ActiveCfg = Debug|Any CPU
		{E9E67F1C-D475-41CF-8308-80E403EFBB69}.Debug|Any CPU.Build.0 = Debug|Any CPU
		{E9E67F1C-D475-41CF-8308-80E403EFBB69}.Release|Any CPU.ActiveCfg = Release|Any CPU
		{E9E67F1C-D475-41CF-8308-80E403EFBB69}.Release|Any CPU.Build.0 = Release|Any CPU
		{2F23D4B2-0F79-4AC5-8A1D-1F7A8AFBD4A0}.Debug|Any CPU.ActiveCfg = Debug|Any CPU
		{2F23D4B2-0F79-4AC5-8A1D-1F7A8AFBD4A0}.Debug|Any CPU.Build.0 = Debug|Any CPU
		{2F23D4B2-0F79-4AC5-8A1D-1F7A8AFBD4A0}.Release|Any CPU.ActiveCfg = Release|Any CPU
		{2F23D4B2-0F79-4AC5-8A1D-1F7A8AFBD4A0}.Release|Any CPU.Build.0 = Release|Any CPU
		{B0B6F7D5-5DBE-4B3B-9BA4-2A79552B5D3D}.Debug|Any CPU.ActiveCfg = Debug|Any CPU
		{B0B6F7D5-5DBE-4B3B-9BA4-2A79552B5D3D}.Debug|Any CPU.Build.0 = Debug|Any CPU
		{B0B6F7D5-5DBE-4B3B-9BA4-2A79552B5D3D}.Release|Any CPU.ActiveCfg = Release|Any CPU
		{B0B6F7D5-5DBE-4B3B-9BA4-2A79552B5D3D}.Release|Any CPU.Build.0 = Release|Any CPU
		{1CC1FA74-0EA9-450A-9AB4-5DF1D5B0D7FC}.Debug|Any CPU.ActiveCfg = Debug|Any CPU
		{1CC1FA74-0EA9-450A-9AB4-5DF1D5B0D7FC}.Debug|Any CPU.Build.0 = Debug|Any CPU
		{1CC1FA74-0EA9-450A-9AB4-5DF1D5B0D7FC}.Release|Any CPU.ActiveCfg = Release|Any CPU
		{1CC1FA74-0EA9-450A-9AB4-5DF1D5B0D7FC}.Release|Any CPU.Build.0 = Release|Any CPU
		{C0E5A7DF-BF1F-4C07-A522-FA4C2EE4A1D2}.Debug|Any CPU.ActiveCfg = Debug|Any CPU
		{C0E5A7DF-BF1F-4C07-A522-FA4C2EE4A1D2}.Debug|Any CPU.Build.0 = Debug|Any CPU
		{C0E5A7DF-BF1F-4C07-A522-FA4C2EE4A1D2}.Release|Any CPU.ActiveCfg = Release|Any CPU
		{C0E5A7DF-BF1F-4C07-A522-FA4C2EE4A1D2}.Release|Any CPU.Build.0 = Release|Any CPU
		{F6AC260B-27DE-470C-A3D6-7D3DC278B930}.Debug|Any CPU.ActiveCfg = Debug|Any CPU
		{F6AC260B-27DE-470C-A3D6-7D3DC278B930}.Debug|Any CPU.Build.0 = Debug|Any CPU
		{F6AC260B-27DE-470C-A3D6-7D3DC278B930}.Release|Any CPU.ActiveCfg = Release|Any CPU
		{F6AC260B-27DE-470C-A3D6-7D3DC278B930}.Release|Any CPU.Build.0 = Release|Any CPU
		{4DD8C48B-3F91-4FD4-AF11-FED7D3D2E742}.Debug|Any CPU.ActiveCfg = Debug|Any CPU
		{4DD8C48B-3F91-4FD4-AF11-FED7D3D2E742}.Debug|Any CPU.Build.0 = Debug|Any CPU
		{4DD8C48B-3F91-4FD4-AF11-FED7D3D2E742}.Release|Any CPU.ActiveCfg = Release|Any CPU
		{4DD8C48B-3F91-4FD4-AF11-FED7D3D2E742}.Release|Any CPU.Build.0 = Release|Any CPU
		{8BEA5A9C-9E26-4EF4-B5B7-AC3EDB70A2DA}.Debug|Any CPU.ActiveCfg = Debug|Any CPU
		{8BEA5A9C-9E26-4EF4-B5B7-AC3EDB70A2DA}.Debug|Any CPU.Build.0 = Debug|Any CPU
		{8BEA5A9C-9E26-4EF4-B5B7-AC3EDB70A2DA}.Release|Any CPU.ActiveCfg = Release|Any CPU
		{8BEA5A9C-9E26-4EF4-B5B7-AC3EDB70A2DA}.Release|Any CPU.Build.0 = Release|Any CPU
		{B8B1C2C7-07C6-4AB0-B506-659B7F0CE4C3}.Debug|Any CPU.ActiveCfg = Debug|Any CPU
		{B8B1C2C7-07C6-4AB0-B506-659B7F0CE4C3}.Debug|Any CPU.Build.0 = Debug|Any CPU
		{B8B1C2C7-07C6-4AB0-B506-659B7F0CE4C3}.Release|Any CPU.ActiveCfg = Release|Any CPU
		{B8B1C2C7-07C6-4AB0-B506-659B7F0CE4C3}.Release|Any CPU.Build.0 = Release|Any CPU
		{AA5D7AC4-3E60-4F86-B8DD-D28D68CCB7F7}.Debug|Any CPU.ActiveCfg = Debug|Any CPU
		{AA5D7AC4-3E60-4F86-B8DD-D28D68CCB7F7}.Debug|Any CPU.Build.0 = Debug|Any CPU
		{AA5D7AC4-3E60-4F86-B8DD-D28D68CCB7F7}.Release|Any CPU.ActiveCfg = Release|Any CPU
		{AA5D7AC4-3E60-4F86-B8DD-D28D68CCB7F7}.Release|Any CPU.Build.0 = Release|Any CPU
		{9E6C2B37-7A09-4E0F-9F2A-2F4A3B1D8A61}.Debug|Any CPU.ActiveCfg = Debug|Any CPU
		{9E6C2B37-7A09-4E0F-9F2A-2F4A3B1D8A61}.Debug|Any CPU.Build.0 = Debug|Any CPU
		{9E6C2B37-7A09-4E0F-9F2A-2F4A3B1D8A61}.Release|Any CPU.ActiveCfg = Release|Any CPU
		{9E6C2B37-7A09-4E0F-9F2A-2F4A3B1D8A61}.Release|Any CPU.Build.0 = Release|Any CPU
		{A7D31B2C-6E54-48B6-9C2F-4D8E0A71F5C3}.Debug|Any CPU.ActiveCfg = Debug|Any CPU
		{A7D31B2C-6E54-48B6-9C2F-4D8E0A71F5C3}.Debug|Any CPU.Build.0 = Debug|Any CPU
		{A7D31B2C-6E54-48B6-9C2F-4D8E0A71F5C3}.Release|Any CPU.ActiveCfg = Release|Any CPU
		{A7D31B2C-6E54-48B6-9C2F-4D8E0A71F5C3}.Release|Any CPU.Build.0 = Release|Any CPU
		{C4F8A62D-1B37-4E90-8C25-7D6A3F0B9E14}.Debug|Any CPU.ActiveCfg = Debug|Any CPU
		{C4F8A62D-1B37-4E90-8C25-7D6A3F0B9E14}.Debug|Any CPU.Build.0 = Debug|Any CPU
		{C4F8A62D-1B37-4E90-8C25-7D6A3F0B9E14}.Release|Any CPU.ActiveCfg = Release|Any CPU
		{C4F8A62D-1B37-4E90-8C25-7D6A3F0B9E14}.Release|Any CPU.Build.0 = Release|Any CPU
		{DDF17D94-D569-4843-BDA0-249323C5F621}.Debug|Any CPU.ActiveCfg = Debug|Any CPU
		{DDF17D94-D569-4843-BDA0-249323C5F621}.Debug|Any CPU.Build.0 = Debug|Any CPU
		{DDF17D94-D569-4843-BDA0-249323C5F621}.Release|Any CPU.ActiveCfg = Release|Any CPU
		{DDF17D94-D569-4843-BDA0-249323C5F621}.Release|Any CPU.Build.0 = Release|Any CPU
		{75A0E4EF-61C7-4D8C-9C95-1B164974E785}.Debug|Any CPU.ActiveCfg = Debug|Any CPU
		{75A0E4EF-61C7-4D8C-9C95-1B164974E785}.Debug|Any CPU.Build.0 = Debug|Any CPU
		{75A0E4EF-61C7-4D8C-9C95-1B164974E785}.Release|Any CPU.ActiveCfg = Release|Any CPU
		{75A0E4EF-61C7-4D8C-9C95-1B164974E785}.Release|Any CPU.Build.0 = Release|Any CPU
		{D7DF5F9F-0673-43F8-9C69-6E3250AF4A7E}.Debug|Any CPU.ActiveCfg = Debug|Any CPU
		{D7DF5F9F-0673-43F8-9C69-6E3250AF4A7E}.Debug|Any CPU.Build.0 = Debug|Any CPU
		{D7DF5F9F-0673-43F8-9C69-6E3250AF4A7E}.Release|Any CPU.ActiveCfg = Release|Any CPU
		{D7DF5F9F-0673-43F8-9C69-6E3250AF4A7E}.Release|Any CPU.Build.0 = Release|Any CPU
	EndGlobalSection
EndGlobal
