# This file is automatically @generated by Cargo.
# It is not intended for manual editing.
version = 4

[[package]]
name = "blip25-vocoder"
version = "1.0.0"
source = "registry+https://github.com/rust-lang/crates.io-index"
checksum = "9f9aee7245798876b2d5abe6e641acbc2fc9fee3facab0972b29894e973f2382"

[[package]]
name = "dvmconsole-vocoder-native"
version = "0.1.0"
dependencies = [
 "blip25-vocoder",
]
